// !$*UTF8*$!
{
	archiveVersion = 1;
	classes = {
	};
	objectVersion = 46;
	objects = {

/* Begin PBXBuildFile section */
		3DCE98E81A0D186D0096BEB1 /* main.m in Sources */ = {isa = PBXBuildFile; fileRef = 3DCE98E71A0D186D0096BEB1 /* main.m */; };
		3DCE98EB1A0D186D0096BEB1 /* AppDelegate.m in Sources */ = {isa = PBXBuildFile; fileRef = 3DCE98EA1A0D186D0096BEB1 /* AppDelegate.m */; };
		3DCE98EE1A0D186D0096BEB1 /* ViewController.m in Sources */ = {isa = PBXBuildFile; fileRef = 3DCE98ED1A0D186D0096BEB1 /* ViewController.m */; };
		3DCE98F11A0D186E0096BEB1 /* Main.storyboard in Resources */ = {isa = PBXBuildFile; fileRef = 3DCE98EF1A0D186E0096BEB1 /* Main.storyboard */; };
		3DCE98F31A0D186E0096BEB1 /* Images.xcassets in Resources */ = {isa = PBXBuildFile; fileRef = 3DCE98F21A0D186E0096BEB1 /* Images.xcassets */; };
		3DCE98F61A0D186E0096BEB1 /* LaunchScreen.xib in Resources */ = {isa = PBXBuildFile; fileRef = 3DCE98F41A0D186E0096BEB1 /* LaunchScreen.xib */; };
		3DCE99021A0D186E0096BEB1 /* DeVaultsTests.m in Sources */ = {isa = PBXBuildFile; fileRef = 3DCE99011A0D186E0096BEB1 /* DeVaultsTests.m */; };
		3DCE990C1A0D19240096BEB1 /* ContextHub.framework in Frameworks */ = {isa = PBXBuildFile; fileRef = 3DCE990B1A0D19240096BEB1 /* ContextHub.framework */; };
		3DCE99161A0D1A670096BEB1 /* CCHUserDefaults.m in Sources */ = {isa = PBXBuildFile; fileRef = 3DCE99151A0D1A670096BEB1 /* CCHUserDefaults.m */; };
		3DCE99181A0D5C800096BEB1 /* CCHDefaults.plist in Resources */ = {isa = PBXBuildFile; fileRef = 3DCE99171A0D5C800096BEB1 /* CCHDefaults.plist */; };
		3DF9BC7F1A1550AC0079BBCF /* MobileCoreServices.framework in Frameworks */ = {isa = PBXBuildFile; fileRef = 3DF9BC7E1A1550AC0079BBCF /* MobileCoreServices.framework */; };
/* End PBXBuildFile section */

/* Begin PBXContainerItemProxy section */
		3DCE98FC1A0D186E0096BEB1 /* PBXContainerItemProxy */ = {
			isa = PBXContainerItemProxy;
			containerPortal = 3DCE98DA1A0D186D0096BEB1 /* Project object */;
			proxyType = 1;
			remoteGlobalIDString = 3DCE98E11A0D186D0096BEB1;
			remoteInfo = DeVaults;
		};
/* End PBXContainerItemProxy section */

/* Begin PBXFileReference section */
		3DCE98E21A0D186D0096BEB1 /* DeVaults.app */ = {isa = PBXFileReference; explicitFileType = wrapper.application; includeInIndex = 0; path = DeVaults.app; sourceTree = BUILT_PRODUCTS_DIR; };
		3DCE98E61A0D186D0096BEB1 /* Info.plist */ = {isa = PBXFileReference; lastKnownFileType = text.plist.xml; path = Info.plist; sourceTree = "<group>"; };
		3DCE98E71A0D186D0096BEB1 /* main.m */ = {isa = PBXFileReference; lastKnownFileType = sourcecode.c.objc; path = main.m; sourceTree = "<group>"; };
		3DCE98E91A0D186D0096BEB1 /* AppDelegate.h */ = {isa = PBXFileReference; lastKnownFileType = sourcecode.c.h; path = AppDelegate.h; sourceTree = "<group>"; };
		3DCE98EA1A0D186D0096BEB1 /* AppDelegate.m */ = {isa = PBXFileReference; lastKnownFileType = sourcecode.c.objc; path = AppDelegate.m; sourceTree = "<group>"; };
		3DCE98EC1A0D186D0096BEB1 /* ViewController.h */ = {isa = PBXFileReference; lastKnownFileType = sourcecode.c.h; path = ViewController.h; sourceTree = "<group>"; };
		3DCE98ED1A0D186D0096BEB1 /* ViewController.m */ = {isa = PBXFileReference; lastKnownFileType = sourcecode.c.objc; path = ViewController.m; sourceTree = "<group>"; };
		3DCE98F01A0D186E0096BEB1 /* Base */ = {isa = PBXFileReference; lastKnownFileType = file.storyboard; name = Base; path = Base.lproj/Main.storyboard; sourceTree = "<group>"; };
		3DCE98F21A0D186E0096BEB1 /* Images.xcassets */ = {isa = PBXFileReference; lastKnownFileType = folder.assetcatalog; path = Images.xcassets; sourceTree = "<group>"; };
		3DCE98F51A0D186E0096BEB1 /* Base */ = {isa = PBXFileReference; lastKnownFileType = file.xib; name = Base; path = Base.lproj/LaunchScreen.xib; sourceTree = "<group>"; };
		3DCE98FB1A0D186E0096BEB1 /* DeVaultsTests.xctest */ = {isa = PBXFileReference; explicitFileType = wrapper.cfbundle; includeInIndex = 0; path = DeVaultsTests.xctest; sourceTree = BUILT_PRODUCTS_DIR; };
		3DCE99001A0D186E0096BEB1 /* Info.plist */ = {isa = PBXFileReference; lastKnownFileType = text.plist.xml; path = Info.plist; sourceTree = "<group>"; };
		3DCE99011A0D186E0096BEB1 /* DeVaultsTests.m */ = {isa = PBXFileReference; lastKnownFileType = sourcecode.c.objc; path = DeVaultsTests.m; sourceTree = "<group>"; };
		3DCE990B1A0D19240096BEB1 /* ContextHub.framework */ = {isa = PBXFileReference; lastKnownFileType = wrapper.framework; name = ContextHub.framework; path = "../../contexthub/contexthub-ios-sdk/Framework/ContextHub.framework"; sourceTree = "<group>"; };
		3DCE99141A0D1A670096BEB1 /* CCHUserDefaults.h */ = {isa = PBXFileReference; fileEncoding = 4; lastKnownFileType = sourcecode.c.h; path = CCHUserDefaults.h; sourceTree = "<group>"; };
		3DCE99151A0D1A670096BEB1 /* CCHUserDefaults.m */ = {isa = PBXFileReference; fileEncoding = 4; lastKnownFileType = sourcecode.c.objc; path = CCHUserDefaults.m; sourceTree = "<group>"; };
		3DCE99171A0D5C800096BEB1 /* CCHDefaults.plist */ = {isa = PBXFileReference; fileEncoding = 4; lastKnownFileType = text.plist.xml; path = CCHDefaults.plist; sourceTree = "<group>"; };
		3DF9BC7E1A1550AC0079BBCF /* MobileCoreServices.framework */ = {isa = PBXFileReference; lastKnownFileType = wrapper.framework; name = MobileCoreServices.framework; path = System/Library/Frameworks/MobileCoreServices.framework; sourceTree = SDKROOT; };
/* End PBXFileReference section */

/* Begin PBXFrameworksBuildPhase section */
		3DCE98DF1A0D186D0096BEB1 /* Frameworks */ = {
			isa = PBXFrameworksBuildPhase;
			buildActionMask = 2147483647;
			files = (
				3DF9BC7F1A1550AC0079BBCF /* MobileCoreServices.framework in Frameworks */,
				3DCE990C1A0D19240096BEB1 /* ContextHub.framework in Frameworks */,
			);
			runOnlyForDeploymentPostprocessing = 0;
		};
		3DCE98F81A0D186E0096BEB1 /* Frameworks */ = {
			isa = PBXFrameworksBuildPhase;
			buildActionMask = 2147483647;
			files = (
			);
			runOnlyForDeploymentPostprocessing = 0;
		};
/* End PBXFrameworksBuildPhase section */

/* Begin PBXGroup section */
		3DCE98D91A0D186D0096BEB1 = {
			isa = PBXGroup;
			children = (
				3DCE99171A0D5C800096BEB1 /* CCHDefaults.plist */,
				3DCE98E41A0D186D0096BEB1 /* DeVaults */,
				3DCE98FE1A0D186E0096BEB1 /* DeVaultsTests */,
				3DCE98E31A0D186D0096BEB1 /* Products */,
				3DCE990F1A0D199A0096BEB1 /* Frameworks */,
			);
			sourceTree = "<group>";
		};
		3DCE98E31A0D186D0096BEB1 /* Products */ = {
			isa = PBXGroup;
			children = (
				3DCE98E21A0D186D0096BEB1 /* DeVaults.app */,
				3DCE98FB1A0D186E0096BEB1 /* DeVaultsTests.xctest */,
			);
			name = Products;
			sourceTree = "<group>";
		};
		3DCE98E41A0D186D0096BEB1 /* DeVaults */ = {
			isa = PBXGroup;
			children = (
				3DCE98E91A0D186D0096BEB1 /* AppDelegate.h */,
				3DCE98EA1A0D186D0096BEB1 /* AppDelegate.m */,
				3DCE98EC1A0D186D0096BEB1 /* ViewController.h */,
				3DCE98ED1A0D186D0096BEB1 /* ViewController.m */,
				3DCE98EF1A0D186E0096BEB1 /* Main.storyboard */,
				3DCE98F21A0D186E0096BEB1 /* Images.xcassets */,
				3DCE98F41A0D186E0096BEB1 /* LaunchScreen.xib */,
				3DCE98E51A0D186D0096BEB1 /* Supporting Files */,
				3DCE99141A0D1A670096BEB1 /* CCHUserDefaults.h */,
				3DCE99151A0D1A670096BEB1 /* CCHUserDefaults.m */,
			);
			path = DeVaults;
			sourceTree = "<group>";
		};
		3DCE98E51A0D186D0096BEB1 /* Supporting Files */ = {
			isa = PBXGroup;
			children = (
				3DCE98E61A0D186D0096BEB1 /* Info.plist */,
				3DCE98E71A0D186D0096BEB1 /* main.m */,
			);
			name = "Supporting Files";
			sourceTree = "<group>";
		};
		3DCE98FE1A0D186E0096BEB1 /* DeVaultsTests */ = {
			isa = PBXGroup;
			children = (
				3DCE99011A0D186E0096BEB1 /* DeVaultsTests.m */,
				3DCE98FF1A0D186E0096BEB1 /* Supporting Files */,
			);
			path = DeVaultsTests;
			sourceTree = "<group>";
		};
		3DCE98FF1A0D186E0096BEB1 /* Supporting Files */ = {
			isa = PBXGroup;
			children = (
				3DCE99001A0D186E0096BEB1 /* Info.plist */,
			);
			name = "Supporting Files";
			sourceTree = "<group>";
		};
		3DCE990F1A0D199A0096BEB1 /* Frameworks */ = {
			isa = PBXGroup;
			children = (
				3DF9BC7E1A1550AC0079BBCF /* MobileCoreServices.framework */,
				3DCE990B1A0D19240096BEB1 /* ContextHub.framework */,
			);
			name = Frameworks;
			sourceTree = "<group>";
		};
/* End PBXGroup section */

/* Begin PBXNativeTarget section */
		3DCE98E11A0D186D0096BEB1 /* DeVaults */ = {
			isa = PBXNativeTarget;
			buildConfigurationList = 3DCE99051A0D186E0096BEB1 /* Build configuration list for PBXNativeTarget "DeVaults" */;
			buildPhases = (
				3DCE98DE1A0D186D0096BEB1 /* Sources */,
				3DCE98DF1A0D186D0096BEB1 /* Frameworks */,
				3DCE98E01A0D186D0096BEB1 /* Resources */,
			);
			buildRules = (
			);
			dependencies = (
			);
			name = DeVaults;
			productName = DeVaults;
			productReference = 3DCE98E21A0D186D0096BEB1 /* DeVaults.app */;
			productType = "com.apple.product-type.application";
		};
		3DCE98FA1A0D186E0096BEB1 /* DeVaultsTests */ = {
			isa = PBXNativeTarget;
			buildConfigurationList = 3DCE99081A0D186E0096BEB1 /* Build configuration list for PBXNativeTarget "DeVaultsTests" */;
			buildPhases = (
				3DCE98F71A0D186E0096BEB1 /* Sources */,
				3DCE98F81A0D186E0096BEB1 /* Frameworks */,
				3DCE98F91A0D186E0096BEB1 /* Resources */,
			);
			buildRules = (
			);
			dependencies = (
				3DCE98FD1A0D186E0096BEB1 /* PBXTargetDependency */,
			);
			name = DeVaultsTests;
			productName = DeVaultsTests;
			productReference = 3DCE98FB1A0D186E0096BEB1 /* DeVaultsTests.xctest */;
			productType = "com.apple.product-type.bundle.unit-test";
		};
/* End PBXNativeTarget section */

/* Begin PBXProject section */
		3DCE98DA1A0D186D0096BEB1 /* Project object */ = {
			isa = PBXProject;
			attributes = {
				LastUpgradeCheck = 0610;
				ORGANIZATIONNAME = "Kevin Lee";
				TargetAttributes = {
					3DCE98E11A0D186D0096BEB1 = {
						CreatedOnToolsVersion = 6.1;
						DevelopmentTeam = FACNVSTRSZ;
						SystemCapabilities = {
							com.apple.BackgroundModes = {
								enabled = 1;
							};
						};
					};
					3DCE98FA1A0D186E0096BEB1 = {
						CreatedOnToolsVersion = 6.1;
						TestTargetID = 3DCE98E11A0D186D0096BEB1;
					};
				};
			};
			buildConfigurationList = 3DCE98DD1A0D186D0096BEB1 /* Build configuration list for PBXProject "DeVaults" */;
			compatibilityVersion = "Xcode 3.2";
			developmentRegion = English;
			hasScannedForEncodings = 0;
			knownRegions = (
				en,
				Base,
			);
			mainGroup = 3DCE98D91A0D186D0096BEB1;
			productRefGroup = 3DCE98E31A0D186D0096BEB1 /* Products */;
			projectDirPath = "";
			projectRoot = "";
			targets = (
				3DCE98E11A0D186D0096BEB1 /* DeVaults */,
				3DCE98FA1A0D186E0096BEB1 /* DeVaultsTests */,
			);
		};
/* End PBXProject section */

/* Begin PBXResourcesBuildPhase section */
		3DCE98E01A0D186D0096BEB1 /* Resources */ = {
			isa = PBXResourcesBuildPhase;
			buildActionMask = 2147483647;
			files = (
				3DCE98F11A0D186E0096BEB1 /* Main.storyboard in Resources */,
				3DCE99181A0D5C800096BEB1 /* CCHDefaults.plist in Resources */,
				3DCE98F61A0D186E0096BEB1 /* LaunchScreen.xib in Resources */,
				3DCE98F31A0D186E0096BEB1 /* Images.xcassets in Resources */,
			);
			runOnlyForDeploymentPostprocessing = 0;
		};
		3DCE98F91A0D186E0096BEB1 /* Resources */ = {
			isa = PBXResourcesBuildPhase;
			buildActionMask = 2147483647;
			files = (
			);
			runOnlyForDeploymentPostprocessing = 0;
		};
/* End PBXResourcesBuildPhase section */

/* Begin PBXSourcesBuildPhase section */
		3DCE98DE1A0D186D0096BEB1 /* Sources */ = {
			isa = PBXSourcesBuildPhase;
			buildActionMask = 2147483647;
			files = (
				3DCE98EE1A0D186D0096BEB1 /* ViewController.m in Sources */,
				3DCE99161A0D1A670096BEB1 /* CCHUserDefaults.m in Sources */,
				3DCE98EB1A0D186D0096BEB1 /* AppDelegate.m in Sources */,
				3DCE98E81A0D186D0096BEB1 /* main.m in Sources */,
			);
			runOnlyForDeploymentPostprocessing = 0;
		};
		3DCE98F71A0D186E0096BEB1 /* Sources */ = {
			isa = PBXSourcesBuildPhase;
			buildActionMask = 2147483647;
			files = (
				3DCE99021A0D186E0096BEB1 /* DeVaultsTests.m in Sources */,
			);
			runOnlyForDeploymentPostprocessing = 0;
		};
/* End PBXSourcesBuildPhase section */

/* Begin PBXTargetDependency section */
		3DCE98FD1A0D186E0096BEB1 /* PBXTargetDependency */ = {
			isa = PBXTargetDependency;
			target = 3DCE98E11A0D186D0096BEB1 /* DeVaults */;
			targetProxy = 3DCE98FC1A0D186E0096BEB1 /* PBXContainerItemProxy */;
		};
/* End PBXTargetDependency section */

/* Begin PBXVariantGroup section */
		3DCE98EF1A0D186E0096BEB1 /* Main.storyboard */ = {
			isa = PBXVariantGroup;
			children = (
				3DCE98F01A0D186E0096BEB1 /* Base */,
			);
			name = Main.storyboard;
			sourceTree = "<group>";
		};
		3DCE98F41A0D186E0096BEB1 /* LaunchScreen.xib */ = {
			isa = PBXVariantGroup;
			children = (
				3DCE98F51A0D186E0096BEB1 /* Base */,
			);
			name = LaunchScreen.xib;
			sourceTree = "<group>";
		};
/* End PBXVariantGroup section */

/* Begin XCBuildConfiguration section */
		3DCE99031A0D186E0096BEB1 /* Debug */ = {
			isa = XCBuildConfiguration;
			buildSettings = {
				ALWAYS_SEARCH_USER_PATHS = NO;
				CLANG_CXX_LANGUAGE_STANDARD = "gnu++0x";
				CLANG_CXX_LIBRARY = "libc++";
				CLANG_ENABLE_MODULES = YES;
				CLANG_ENABLE_OBJC_ARC = YES;
				CLANG_WARN_BOOL_CONVERSION = YES;
				CLANG_WARN_CONSTANT_CONVERSION = YES;
				CLANG_WARN_DIRECT_OBJC_ISA_USAGE = YES_ERROR;
				CLANG_WARN_EMPTY_BODY = YES;
				CLANG_WARN_ENUM_CONVERSION = YES;
				CLANG_WARN_INT_CONVERSION = YES;
				CLANG_WARN_OBJC_ROOT_CLASS = YES_ERROR;
				CLANG_WARN_UNREACHABLE_CODE = YES;
				CLANG_WARN__DUPLICATE_METHOD_MATCH = YES;
				CODE_SIGN_IDENTITY = "iPhone Developer";
				"CODE_SIGN_IDENTITY[sdk=iphoneos*]" = "iPhone Developer";
				COPY_PHASE_STRIP = NO;
				ENABLE_STRICT_OBJC_MSGSEND = YES;
				GCC_C_LANGUAGE_STANDARD = gnu99;
				GCC_DYNAMIC_NO_PIC = NO;
				GCC_OPTIMIZATION_LEVEL = 0;
				GCC_PREPROCESSOR_DEFINITIONS = (
					"DEBUG=1",
					"$(inherited)",
				);
				GCC_SYMBOLS_PRIVATE_EXTERN = NO;
				GCC_WARN_64_TO_32_BIT_CONVERSION = YES;
				GCC_WARN_ABOUT_RETURN_TYPE = YES_ERROR;
				GCC_WARN_UNDECLARED_SELECTOR = YES;
				GCC_WARN_UNINITIALIZED_AUTOS = YES_AGGRESSIVE;
				GCC_WARN_UNUSED_FUNCTION = YES;
				GCC_WARN_UNUSED_VARIABLE = YES;
				IPHONEOS_DEPLOYMENT_TARGET = 8.1;
				MTL_ENABLE_DEBUG_INFO = YES;
				ONLY_ACTIVE_ARCH = YES;
				SDKROOT = iphoneos;
				TARGETED_DEVICE_FAMILY = "1,2";
			};
			name = Debug;
		};
		3DCE99041A0D186E0096BEB1 /* Release */ = {
			isa = XCBuildConfiguration;
			buildSettings = {
				ALWAYS_SEARCH_USER_PATHS = NO;
				CLANG_CXX_LANGUAGE_STANDARD = "gnu++0x";
				CLANG_CXX_LIBRARY = "libc++";
				CLANG_ENABLE_MODULES = YES;
				CLANG_ENABLE_OBJC_ARC = YES;
				CLANG_WARN_BOOL_CONVERSION = YES;
				CLANG_WARN_CONSTANT_CONVERSION = YES;
				CLANG_WARN_DIRECT_OBJC_ISA_USAGE = YES_ERROR;
				CLANG_WARN_EMPTY_BODY = YES;
				CLANG_WARN_ENUM_CONVERSION = YES;
				CLANG_WARN_INT_CONVERSION = YES;
				CLANG_WARN_OBJC_ROOT_CLASS = YES_ERROR;
				CLANG_WARN_UNREACHABLE_CODE = YES;
				CLANG_WARN__DUPLICATE_METHOD_MATCH = YES;
				"CODE_SIGN_IDENTITY[sdk=iphoneos*]" = "iPhone Developer";
				COPY_PHASE_STRIP = YES;
				ENABLE_NS_ASSERTIONS = NO;
				ENABLE_STRICT_OBJC_MSGSEND = YES;
				GCC_C_LANGUAGE_STANDARD = gnu99;
				GCC_WARN_64_TO_32_BIT_CONVERSION = YES;
				GCC_WARN_ABOUT_RETURN_TYPE = YES_ERROR;
				GCC_WARN_UNDECLARED_SELECTOR = YES;
				GCC_WARN_UNINITIALIZED_AUTOS = YES_AGGRESSIVE;
				GCC_WARN_UNUSED_FUNCTION = YES;
				GCC_WARN_UNUSED_VARIABLE = YES;
				IPHONEOS_DEPLOYMENT_TARGET = 8.1;
				MTL_ENABLE_DEBUG_INFO = NO;
				SDKROOT = iphoneos;
				TARGETED_DEVICE_FAMILY = "1,2";
				VALIDATE_PRODUCT = YES;
			};
			name = Release;
		};
		3DCE99061A0D186E0096BEB1 /* Debug */ = {
			isa = XCBuildConfiguration;
			buildSettings = {
				ASSETCATALOG_COMPILER_APPICON_NAME = AppIcon;
				CODE_SIGN_IDENTITY = "iPhone Developer";
				FRAMEWORK_SEARCH_PATHS = (
					"$(inherited)",
					"/Users/kevinlee/contexthub/contexthub-ios-sdk/Framework",
				);
				INFOPLIST_FILE = DeVaults/Info.plist;
				LD_RUNPATH_SEARCH_PATHS = "$(inherited) @executable_path/Frameworks";
				PRODUCT_NAME = "$(TARGET_NAME)";
			};
			name = Debug;
		};
		3DCE99071A0D186E0096BEB1 /* Release */ = {
			isa = XCBuildConfiguration;
			buildSettings = {
				ASSETCATALOG_COMPILER_APPICON_NAME = AppIcon;
				CODE_SIGN_IDENTITY = "iPhone Developer";
				FRAMEWORK_SEARCH_PATHS = (
					"$(inherited)",
					"/Users/kevinlee/contexthub/contexthub-ios-sdk/Framework",
				);
				INFOPLIST_FILE = DeVaults/Info.plist;
				LD_RUNPATH_SEARCH_PATHS = "$(inherited) @executable_path/Frameworks";
				PRODUCT_NAME = "$(TARGET_NAME)";
			};
			name = Release;
		};
		3DCE99091A0D186E0096BEB1 /* Debug */ = {
			isa = XCBuildConfiguration;
			buildSettings = {
				BUNDLE_LOADER = "$(TEST_HOST)";
				FRAMEWORK_SEARCH_PATHS = (
					"$(SDKROOT)/Developer/Library/Frameworks",
					"$(inherited)",
				);
				GCC_PREPROCESSOR_DEFINITIONS = (
					"DEBUG=1",
					"$(inherited)",
				);
				INFOPLIST_FILE = DeVaultsTests/Info.plist;
				LD_RUNPATH_SEARCH_PATHS = "$(inherited) @executable_path/Frameworks @loader_path/Frameworks";
				PRODUCT_NAME = "$(TARGET_NAME)";
				TEST_HOST = "$(BUILT_PRODUCTS_DIR)/DeVaults.app/DeVaults";
			};
			name = Debug;
		};
		3DCE990A1A0D186E0096BEB1 /* Release */ = {
			isa = XCBuildConfiguration;
			buildSettings = {
				BUNDLE_LOADER = "$(TEST_HOST)";
				FRAMEWORK_SEARCH_PATHS = (
					"$(SDKROOT)/Developer/Library/Frameworks",
					"$(inherited)",
				);
				INFOPLIST_FILE = DeVaultsTests/Info.plist;
				LD_RUNPATH_SEARCH_PATHS = "$(inherited) @executable_path/Frameworks @loader_path/Frameworks";
				PRODUCT_NAME = "$(TARGET_NAME)";
				TEST_HOST = "$(BUILT_PRODUCTS_DIR)/DeVaults.app/DeVaults";
			};
			name = Release;
		};
/* End XCBuildConfiguration section */

/* Begin XCConfigurationList section */
		3DCE98DD1A0D186D0096BEB1 /* Build configuration list for PBXProject "DeVaults" */ = {
			isa = XCConfigurationList;
			buildConfigurations = (
				3DCE99031A0D186E0096BEB1 /* Debug */,
				3DCE99041A0D186E0096BEB1 /* Release */,
			);
			defaultConfigurationIsVisible = 0;
			defaultConfigurationName = Release;
		};
		3DCE99051A0D186E0096BEB1 /* Build configuration list for PBXNativeTarget "DeVaults" */ = {
			isa = XCConfigurationList;
			buildConfigurations = (
				3DCE99061A0D186E0096BEB1 /* Debug */,
				3DCE99071A0D186E0096BEB1 /* Release */,
			);
			defaultConfigurationIsVisible = 0;
			defaultConfigurationName = Release;
		};
		3DCE99081A0D186E0096BEB1 /* Build configuration list for PBXNativeTarget "DeVaultsTests" */ = {
			isa = XCConfigurationList;
			buildConfigurations = (
				3DCE99091A0D186E0096BEB1 /* Debug */,
				3DCE990A1A0D186E0096BEB1 /* Release */,
			);
			defaultConfigurationIsVisible = 0;
			defaultConfigurationName = Release;
		};
/* End XCConfigurationList section */
	};
	rootObject = 3DCE98DA1A0D186D0096BEB1 /* Project object */;
}
